
Microsoft Visual Studio Solution File, Format Version 12.00
# Visual Studio Version 16
VisualStudioVersion = 16.0.30320.27
MinimumVisualStudioVersion = 10.0.40219.1
Project("{8BC9CEB8-8B4A-11D0-8D11-00A0C91BC942}") = "Project1", "Project1\Project1.vcxproj", "{96A9DB6D-E948-453B-968C-ECB657EC5639}"
	ProjectSection(ProjectDependencies) = postProject
		{5F298B4E-2D70-45FB-9B92-D75195C7B21B} = {5F298B4E-2D70-45FB-9B92-D75195C7B21B}
	EndProjectSection
EndProject
Project("{8BC9CEB8-8B4A-11D0-8D11-00A0C91BC942}") = "MyDll", "MyDll\MyDll.vcxproj", "{5F298B4E-2D70-45FB-9B92-D75195C7B21B}"
EndProject
Global
	GlobalSection(SolutionConfigurationPlatforms) = preSolution
		Debug|x64 = Debug|x64
		Debug|x86 = Debug|x86
		Release|x64 = Release|x64
		Release|x86 = Release|x86
	EndGlobalSection
	GlobalSection(ProjectConfigurationPlatforms) = postSolution
		{96A9DB6D-E948-453B-968C-ECB657EC5639}.Debug|x64.ActiveCfg = Debug|x64
		{96A9DB6D-E948-453B-968C-ECB657EC5639}.Debug|x64.Build.0 = Debug|x64
		{96A9DB6D-E948-453B-968C-ECB657EC5639}.Debug|x86.ActiveCfg = Debug|Win32
		{96A9DB6D-E948-453B-968C-ECB657EC5639}.Debug|x86.Build.0 = Debug|Win32
		{96A9DB6D-E948-453B-968C-ECB657EC5639}.Release|x64.ActiveCfg = Release|x64
		{96A9DB6D-E948-453B-968C-ECB657EC5639}.Release|x64.Build.0 = Release|x64
		{96A9DB6D-E948-453B-968C-ECB657EC5639}.Release|x86.ActiveCfg = Release|Win32
		{96A9DB6D-E948-453B-968C-ECB657EC5639}.Release|x86.Build.0 = Release|Win32
		{5F298B4E-2D70-45FB-9B92-D75195C7B21B}.Debug|x64.ActiveCfg = Debug|x64
		{5F298B4E-2D70-45FB-9B92-D75195C7B21B}.Debug|x64.Build.0 = Debug|x64
		{5F298B4E-2D70-45FB-9B92-D75195C7B21B}.Debug|x86.ActiveCfg = Debug|Win32
		{5F298B4E-2D70-45FB-9B92-D75195C7B21B}.Debug|x86.Build.0 = Debug|Win32
		{5F298B4E-2D70-45FB-9B92-D75195C7B21B}.Release|x64.ActiveCfg = Release|x64
		{5F298B4E-2D70-45FB-9B92-D75195C7B21B}.Release|x64.Build.0 = Release|x64
		{5F298B4E-2D70-45FB-9B92-D75195C7B21B}.Release|x86.ActiveCfg = Release|Win32
		{5F298B4E-2D70-45FB-9B92-D75195C7B21B}.Release|x86.Build.0 = Release|Win32
	EndGlobalSection
	GlobalSection(SolutionProperties) = preSolution
		HideSolutionNode = FALSE
	EndGlobalSection
	GlobalSection(ExtensibilityGlobals) = postSolution
		SolutionGuid = {605638F8-10B8-4FB5-B394-915FD9D024C5}
	EndGlobalSection
EndGlobal
